
Microsoft Visual Studio Solution File, Format Version 12.00
# Visual Studio 15
VisualStudioVersion = 15.0.27703.2026
MinimumVisualStudioVersion = 10.0.40219.1
Project("{FAE04EC0-301F-11D3-BF4B-00C04F79EFBC}") = "Example1", "Example1\Example1.csproj", "{1BE06807-914B-494D-ABB1-BEE069372E7E}"
EndProject
Project("{FAE04EC0-301F-11D3-BF4B-00C04F79EFBC}") = "Example3", "Example3\Example3.csproj", "{99A2FC35-D046-43D9-B400-A4615B95705F}"
EndProject
Project("{FAE04EC0-301F-11D3-BF4B-00C04F79EFBC}") = "Example2", "Example2\Example2.csproj", "{303669BA-2B1D-4F75-9E22-EFACD0DBE6DB}"
EndProject
Global
	GlobalSection(SolutionConfigurationPlatforms) = preSolution
		Debug|Any CPU = Debug|Any CPU
		Release|Any CPU = Release|Any CPU
	EndGlobalSection
	GlobalSection(ProjectConfigurationPlatforms) = postSolution
		{1BE06807-914B-494D-ABB1-BEE069372E7E}.Debug|Any CPU.ActiveCfg = Debug|Any CPU
		{1BE06807-914B-494D-ABB1-BEE069372E7E}.Debug|Any CPU.Build.0 = Debug|Any CPU
		{1BE06807-914B-494D-ABB1-BEE069372E7E}.Release|Any CPU.ActiveCfg = Release|Any CPU
		{1BE06807-914B-494D-ABB1-BEE069372E7E}.Release|Any CPU.Build.0 = Release|Any CPU
		{99A2FC35-D046-43D9-B400-A4615B95705F}.Debug|Any CPU.ActiveCfg = Debug|Any CPU
		{99A2FC35-D046-43D9-B400-A4615B95705F}.Debug|Any CPU.Build.0 = Debug|Any CPU
		{99A2FC35-D046-43D9-B400-A4615B95705F}.Release|Any CPU.ActiveCfg = Release|Any CPU
		{99A2FC35-D046-43D9-B400-A4615B95705F}.Release|Any CPU.Build.0 = Release|Any CPU
		{303669BA-2B1D-4F75-9E22-EFACD0DBE6DB}.Debug|Any CPU.ActiveCfg = Debug|Any CPU
		{303669BA-2B1D-4F75-9E22-EFACD0DBE6DB}.Debug|Any CPU.Build.0 = Debug|Any CPU
		{303669BA-2B1D-4F75-9E22-EFACD0DBE6DB}.Release|Any CPU.ActiveCfg = Release|Any CPU
		{303669BA-2B1D-4F75-9E22-EFACD0DBE6DB}.Release|Any CPU.Build.0 = Release|Any CPU
	EndGlobalSection
	GlobalSection(SolutionProperties) = preSolution
		HideSolutionNode = FALSE
	EndGlobalSection
	GlobalSection(ExtensibilityGlobals) = postSolution
		SolutionGuid = {58740781-2985-4DBC-9745-BAFFE7E1988C}
	EndGlobalSection
EndGlobal
